
Microsoft Visual Studio Solution File, Format Version 12.00
# Visual Studio Version 16
VisualStudioVersion = 16.0.30413.136
MinimumVisualStudioVersion = 10.0.40219.1
Project("{9A19103F-16F7-4668-BE54-9A1E7A4F7556}") = "SportGround", "SportGround\SportGround.csproj", "{35E1D91B-3E9C-4E68-B635-DFE9E6978918}"
EndProject
Project("{FAE04EC0-301F-11D3-BF4B-00C04F79EFBC}") = "SportGroundUI", "SportGroundUi\SportGroundUI.csproj", "{3317B2D7-9BA8-4E91-ACE8-2B7DF2CA2638}"
EndProject
Global
	GlobalSection(SolutionConfigurationPlatforms) = preSolution
		Debug|Any CPU = Debug|Any CPU
		Release|Any CPU = Release|Any CPU
	EndGlobalSection
	GlobalSection(ProjectConfigurationPlatforms) = postSolution
		{35E1D91B-3E9C-4E68-B635-DFE9E6978918}.Debug|Any CPU.ActiveCfg = Debug|Any CPU
		{35E1D91B-3E9C-4E68-B635-DFE9E6978918}.Debug|Any CPU.Build.0 = Debug|Any CPU
		{35E1D91B-3E9C-4E68-B635-DFE9E6978918}.Release|Any CPU.ActiveCfg = Release|Any CPU
		{35E1D91B-3E9C-4E68-B635-DFE9E6978918}.Release|Any CPU.Build.0 = Release|Any CPU
		{3317B2D7-9BA8-4E91-ACE8-2B7DF2CA2638}.Debug|Any CPU.ActiveCfg = Debug|Any CPU
		{3317B2D7-9BA8-4E91-ACE8-2B7DF2CA2638}.Debug|Any CPU.Build.0 = Debug|Any CPU
		{3317B2D7-9BA8-4E91-ACE8-2B7DF2CA2638}.Release|Any CPU.ActiveCfg = Release|Any CPU
		{3317B2D7-9BA8-4E91-ACE8-2B7DF2CA2638}.Release|Any CPU.Build.0 = Release|Any CPU
	EndGlobalSection
	GlobalSection(SolutionProperties) = preSolution
		HideSolutionNode = FALSE
	EndGlobalSection
	GlobalSection(ExtensibilityGlobals) = postSolution
		SolutionGuid = {837F7560-5BD3-46C7-9EDF-79F887B9B59D}
	EndGlobalSection
EndGlobal
